<Solution>
  <Project Path="DuetDiagram.Core/DuetDiagram.Core.csproj" />
  <Project Path="DuetDiagram.Core.Tests/DuetDiagram.Core.Tests.csproj" />
  <Project Path="DuetDiagram.Layout/DuetDiagram.Layout.csproj" />
  <Project Path="DuetDiagram.Layout.Tests/DuetDiagram.Layout.Tests.csproj" />
  <Project Path="DuetDiagram.Render/DuetDiagram.Render.csproj" />
  <Project Path="DuetDiagram.Render.Tests/DuetDiagram.Render.Tests.csproj" />
  <Project Path="DuetDiagram.Mermaid/DuetDiagram.Mermaid.csproj" />
  <Project Path="DuetDiagram.Mermaid.Tests/DuetDiagram.Mermaid.Tests.csproj" />
  <Project Path="DuetDiagram.Dsl/DuetDiagram.Dsl.csproj" />
  <Project Path="DuetDiagram.Dsl.Tests/DuetDiagram.Dsl.Tests.csproj" />
  <Project Path="DuetDiagram.Llm/DuetDiagram.Llm.csproj" />
  <Project Path="DuetDiagram.Llm.Tests/DuetDiagram.Llm.Tests.csproj" />
  <Project Path="DuetDiagram.AotSmokeTest/DuetDiagram.AotSmokeTest.csproj" />
  <Project Path="DuetDiagram.App/DuetDiagram.App.csproj" />
  <Project Path="DuetDiagram.E2E.Tests/DuetDiagram.E2E.Tests.csproj" />
  <Project Path="DuetDiagram.Benchmarks/DuetDiagram.Benchmarks.csproj" />
</Solution>
